
Microsoft Visual Studio Solution File, Format Version 12.00
# Visual Studio Version 16
VisualStudioVersion = 16.0.29806.167
MinimumVisualStudioVersion = 10.0.40219.1
Project("{8BC9CEB8-8B4A-11D0-8D11-00A0C91BC942}") = "ColorImageReader", "ColorImageReader\ColorImageReader.vcxproj", "{7678946A-6F4E-458E-A0C6-60F6DFA89301}"
EndProject
Global
	GlobalSection(SolutionConfigurationPlatforms) = preSolution
		Debug|x64 = Debug|x64
		Debug|x86 = Debug|x86
		Release|x64 = Release|x64
		Release|x86 = Release|x86
	EndGlobalSection
	GlobalSection(ProjectConfigurationPlatforms) = postSolution
		{7678946A-6F4E-458E-A0C6-60F6DFA89301}.Debug|x64.ActiveCfg = Debug|x64
		{7678946A-6F4E-458E-A0C6-60F6DFA89301}.Debug|x64.Build.0 = Debug|x64
		{7678946A-6F4E-458E-A0C6-60F6DFA89301}.Debug|x86.ActiveCfg = Debug|Win32
		{7678946A-6F4E-458E-A0C6-60F6DFA89301}.Debug|x86.Build.0 = Debug|Win32
		{7678946A-6F4E-458E-A0C6-60F6DFA89301}.Release|x64.ActiveCfg = Release|x64
		{7678946A-6F4E-458E-A0C6-60F6DFA89301}.Release|x64.Build.0 = Release|x64
		{7678946A-6F4E-458E-A0C6-60F6DFA89301}.Release|x86.ActiveCfg = Release|Win32
		{7678946A-6F4E-458E-A0C6-60F6DFA89301}.Release|x86.Build.0 = Release|Win32
	EndGlobalSection
	GlobalSection(SolutionProperties) = preSolution
		HideSolutionNode = FALSE
	EndGlobalSection
	GlobalSection(ExtensibilityGlobals) = postSolution
		SolutionGuid = {0394AFCD-6D0D-4C40-8646-D7DA8B210C32}
	EndGlobalSection
EndGlobal
